github.com/aws/aws-sdk-go v1.50.32 h1:POt81DvegnpQKM4DMDLlHz1CO6OBnEoQ1gRhYFd7QRY=
github.com/aws/aws-sdk-go v1.50.32/go.mod h1:LF8svs817+Nz+DmiMQKTO3ubZ/6IaTpq3TjupRn3Eqk=
github.com/aws/aws-sdk-go-v2 v1.37.0 h1:YtCOESR/pN4j5oA7cVHSfOwIcuh/KwHC4DOSXFbv5F0=
github.com/aws/aws-sdk-go-v2 v1.37.0/go.mod h1:9Q0OoGQoboYIAJyslFyF1f5K1Ryddop8gqMhWx/n4Wg=
github.com/aws/aws-sdk-go-v2/aws/protocol/eventstream v1.7.0 h1:6GMWV6CNpA/6fbFHnoAjrv4+LGfyTqZz2LtCHnspgDg=
github.com/aws/aws-sdk-go-v2/aws/protocol/eventstream v1.7.0/go.mod h1:/mXlTIVG9jbxkqDnr5UQNQxW1HRYxeGklkM9vAFeabg=
github.com/aws/aws-sdk-go-v2/feature/dynamodb/attributevalue v1.20.0 h1:aoXu9ziqm5KAkz03LRjAOQwJMDxJ7OUQjk41JLZrp8U=
github.com/aws/aws-sdk-go-v2/feature/dynamodb/attributevalue v1.20.0/go.mod h1:6rPNJxj+oOXa7jiupAsgba9WBnIhPrkMQeKw/O/qGKo=
github.com/aws/aws-sdk-go-v2/internal/configsources v1.4.0 h1:H2iZoqW/v2Jnrh1FnU725Bq6KJ0k2uP63yH+DcY+HUI=
github.com/aws/aws-sdk-go-v2/internal/configsources v1.4.0/go.mod h1:L0FqLbwMXHvNC/7crWV1iIxUlOKYZUE8KuTIA+TozAI=
github.com/aws/aws-sdk-go-v2/internal/endpoints/v2 v2.7.0 h1:EDped/rNzAhFPhVY0sDGbtD16OKqksfA8OjF/kLEgw8=
github.com/aws/aws-sdk-go-v2/internal/endpoints/v2 v2.7.0/go.mod h1:uUI335jvzpZRPpjYx6ODc/wg1qH+NnoSTK/FwVeK0C0=
github.com/aws/aws-sdk-go-v2/internal/v4a v1.4.0 h1:iLvW/zOkHGU3BDU5thWnj+UZ9pjhuVhv1loLj7yVtBw=
github.com/aws/aws-sdk-go-v2/internal/v4a v1.4.0/go.mod h1:Fn3gvhdF1x5Rs9nUoCy/fJT1ms8f8dO7RqM9lJHuazQ=
github.com/aws/aws-sdk-go-v2/service/dynamodb v1.45.0 h1:b71OPISZ5Tj4ehCRJKnabIq2U68pldgKqhiUMHnVNQ4=
github.com/aws/aws-sdk-go-v2/service/dynamodb v1.45.0/go.mod h1:+ZRTIYCk/PNwz8+ZGLBzvFu7Nl1/w7phtbEZFlvOZWc=
github.com/aws/aws-sdk-go-v2/service/dynamodbstreams v1.27.0 h1:QkM+uPkxFcbziCsngfGoWmSqoGIKiLQBm3kfRn6TcqA=
github.com/aws/aws-sdk-go-v2/service/dynamodbstreams v1.27.0/go.mod h1:ypO6bKwR/ir/ApZtN8MkDDcmeqvBskIbDxjqmcCUJOw=
github.com/aws/aws-sdk-go-v2/service/internal/accept-encoding v1.13.0 h1:6+lZi2JeGKtCraAj1rpoZfKqnQ9SptseRZioejfUOLM=
github.com/aws/aws-sdk-go-v2/service/internal/accept-encoding v1.13.0/go.mod h1:eb3gfbVIxIoGgJsi9pGne19dhCBpK6opTYpQqAmdy44=
github.com/aws/aws-sdk-go-v2/service/internal/checksum v1.8.0 h1:qGyLBQPphYzUf+IIlb5tHnvg1U2Vc5hXPcP7oRSQfy0=
github.com/aws/aws-sdk-go-v2/service/internal/checksum v1.8.0/go.mod h1:g+dzKSLXiR/8ATkPXmLhPOI6rDdjLP3tngeo3FvDcIw=
github.com/aws/aws-sdk-go-v2/service/internal/endpoint-discovery v1.11.0 h1:d/XdC88Wp2JVsomt1yw+nQgAX42fYwZlEK4K4zzHZuA=
github.com/aws/aws-sdk-go-v2/service/internal/endpoint-discovery v1.11.0/go.mod h1:ZfRwNlclmR48RAgflKBOi43bY1MjvraHZPsG3A/i0iw=
github.com/aws/aws-sdk-go-v2/service/internal/presigned-url v1.13.0 h1:eRhU3Sh8dGbaniI6B+I48XJMrTPRkK4DKo+vqIxziOU=
github.com/aws/aws-sdk-go-v2/service/internal/presigned-url v1.13.0/go.mod h1:paNLV18DZ6FnWE/bd06RIKPDIFpjuvCkGKWTG/GDBeM=
github.com/aws/aws-sdk-go-v2/service/internal/s3shared v1.19.0 h1:6jusT+XCcvnD+Elxvm7bUf5sCMTpZEp3AKjYQ4tWJSo=
github.com/aws/aws-sdk-go-v2/service/internal/s3shared v1.19.0/go.mod h1:LimGpdIF/sTBdgqwOEkrArXLCoTamK/9L9x8IKBFTIc=
github.com/aws/aws-sdk-go-v2/service/s3 v1.85.0 h1:gAV4NEp4A+JOrIdoXkAeyy6IOo7+X2s/jRuaHKYiMaU=
github.com/aws/aws-sdk-go-v2/service/s3 v1.85.0/go.mod h1:JIQwK8sZ5MuKGm5rrFwp9MHUcyYEsQNpVixuPDlnwaU=
github.com/aws/smithy-go v1.22.5 h1:P9ATCXPMb2mPjYBgueqJNCA5S9UfktsW0tTxi+a7eqw=
github.com/aws/smithy-go v1.22.5/go.mod h1:t1ufH5HMublsJYulve2RKmHDC15xu1f26kHCp/HgceI=
github.com/davecgh/go-spew v1.1.0 h1:ZDRjVQ15GmhC3fiQ8ni8+OwkZQO4DARzQgrnXU1Liz8=
github.com/davecgh/go-spew v1.1.0/go.mod h1:J7Y8YcW2NihsgmVo/mv3lAwl/skON4iLHjSsI+c5H38=
github.com/jmespath/go-jmespath v0.4.0 h1:BEgLn5cpjn8UN1mAw4NjwDrS35OdebyEtFe+9YPoQUg=
github.com/jmespath/go-jmespath v0.4.0/go.mod h1:T8mJZnbsbmF+m6zOOFylbeCJqk5+pHWvzYPziyZiYoo=
github.com/jmespath/go-jmespath/internal/testify v1.5.1 h1:shLQSRRSCCPj3f2gpwzGwWFoC7ycTf1rcQZHOlsJ6N8=
github.com/jmespath/go-jmespath/internal/testify v1.5.1/go.mod h1:L3OGu8Wl2/fWfCI6z80xFu9LTZmf1ZRjMHUOPmWr69U=
github.com/pmezard/go-difflib v1.0.0 h1:4DBwDE0NGyQoBHbLQYPwSUPoCMWR5BEzIk/f1lZbAQM=
github.com/pmezard/go-difflib v1.0.0/go.mod h1:iKH77koFhYxTK1pcRnkKkqfTogsbg7gZNVY4sRDYZ/4=
github.com/stretchr/objx v0.1.0/go.mod h1:HFkY916IF+rwdDfMAkV7OtwuqBVzrE8GR6GFx+wExME=
github.com/stretchr/testify v1.7.1 h1:5TQK59W5E3v0r2duFAb7P95B6hEeOyEnHRa8MjYSMTY=
github.com/stretchr/testify v1.7.1/go.mod h1:6Fq8oRcR53rry900zMqJjRRixrwX3KX962/h/Wwjteg=
golang.org/x/net v0.17.0 h1:pVaXccu2ozPjCXewfr1S7xza/zcXTity9cCdXQYSjIM=
golang.org/x/net v0.17.0/go.mod h1:NxSsAGuq816PNPmqtQdLE42eU2Fs7NoRIZrHJAlaCOE=
golang.org/x/text v0.13.0 h1:ablQoSUd0tRdKxZewP80B+BaqeKJuVhuRxj/dkrun3k=
golang.org/x/text v0.13.0/go.mod h1:TvPlkZtksWOMsz7fbANvkp4WM8x/WCo/om8BMLbz+aE=
gopkg.in/check.v1 v0.0.0-20161208181325-20d25e280405 h1:yhCVgyC4o1eVCa2tZl7eS0r+SDo693bJlVdllGtEeKM=
gopkg.in/check.v1 v0.0.0-20161208181325-20d25e280405/go.mod h1:Co6ibVJAznAaIkqp8huTwlJQCZ016jof/cbN4VW5Yz0=
gopkg.in/yaml.v2 v2.2.8 h1:obN1ZagJSUGI0Ek/LBmuj4SNLPfIny3KsKFopxRdj10=
gopkg.in/yaml.v2 v2.2.8/go.mod h1:hI93XBmqTisBFMUTm0b8Fm+jr3Dg1NNxqwp+5A1VGuI=
gopkg.in/yaml.v3 v3.0.0-20200313102051-9f266ea9e77c h1:dUUwHk2QECo/6vqA44rthZ8ie2QXMNeKRTHCNY2nXvo=
gopkg.in/yaml.v3 v3.0.0-20200313102051-9f266ea9e77c/go.mod h1:K4uyk7z7BCEPqu6E+C64Yfv1cQ7kz7rIZviUmN+EgEM=
